# THIS IS AN AUTOGENERATED FILE. DO NOT EDIT THIS FILE DIRECTLY.
# yarn lockfile v1


dayjs@^1.11.4:
  version "1.11.7"
  resolved "https://registry.yarnpkg.com/dayjs/-/dayjs-1.11.7.tgz#4b296922642f70999544d1144a2c25730fce63e2"
  integrity sha512-+Yw9U6YO5TQohxLcIkrXBeY73WP3ejHWVvx8XCk3gxvQDCTEmS48ZrSZCKciI7Bhl/uCMyxYtE9UqRILmFphkQ==

de-indent@^1.0.2:
  version "1.0.2"
  resolved "https://registry.npmmirror.com/de-indent/-/de-indent-1.0.2.tgz#b2038e846dc33baa5796128d0804b455b8c1e21d"
  integrity sha512-e/1zu3xH5MQryN2zdVaF0OrdNLUbvWxzMbi+iNA6Bky7l1RoP8a2fIbRocyHclXt/arDrrR6lL3TqFD9pMQTsg==

he@^1.2.0:
  version "1.2.0"
  resolved "https://registry.npmmirror.com/he/-/he-1.2.0.tgz#84ae65fa7eafb165fddb61566ae14baf05664f0f"
  integrity sha512-F/1DnUGPopORZi0ni+CvrCgHQ5FyEAHRLSApuYWMmrbSwoN2Mn/7k+Gl38gJnR7yyDZk6WLXwiGod1JOWNDKGw==

strip-json-comments@^2.0.1:
  version "2.0.1"
  resolved "https://registry.npmmirror.com/strip-json-comments/-/strip-json-comments-2.0.1.tgz#3c531942e908c2697c0ec344858c286c7ca0a60a"
  integrity sha512-4gB8na07fecVVkOI6Rs4e7T6NOTki5EmL7TUduTs6bu3EdnSycntVJ4re8kgZA+wx9IueI2Y11bfbgwtzuE0KQ==

vue-inset-loader@^1.2.6:
  version "1.2.6"
  resolved "https://registry.npmmirror.com/vue-inset-loader/-/vue-inset-loader-1.2.6.tgz#60e227fb1bbaa346238968e4001d71e92a53633f"
  integrity sha512-P4j8QT4baCBSvuVsWdBEBd2UlUKWRWYBmlGj4KIgFPnEar656DSlQmVRMFCRzb24vgY2nQpg8fH+qT24D4nOWA==
  dependencies:
    strip-json-comments "^2.0.1"
    vue-template-compiler "^2.6.10"

vue-template-compiler@^2.6.10:
  version "2.7.14"
  resolved "https://registry.npmmirror.com/vue-template-compiler/-/vue-template-compiler-2.7.14.tgz#4545b7dfb88090744c1577ae5ac3f964e61634b1"
  integrity sha512-zyA5Y3ArvVG0NacJDkkzJuPQDF8RFeRlzV2vLeSnhSpieO6LK2OVbdLPi5MPPs09Ii+gMO8nY4S3iKQxBxDmWQ==
  dependencies:
    de-indent "^1.0.2"
    he "^1.2.0"

xe-utils@^3.5.6:
  version "3.5.7"
  resolved "https://registry.yarnpkg.com/xe-utils/-/xe-utils-3.5.7.tgz#2c885852dfadd5c8beeffdc1f884f8ceb962c669"
  integrity sha512-3H+fDBKBR2wLJgyA7k9C/w1Xljx6Maml5ukV0WDY06HjYyGs2FEz6XhcwRCLIDXX4pBP3Gu0nX9DbCeuuRA2Ew==
